// !$*UTF8*$!
{
	archiveVersion = 1;
	classes = {
	};
	objectVersion = 46;
	objects = {

/* Begin PBXBuildFile section */
		847DD0801F64457600BA35A0 /* AppDelegate.swift in Sources */ = {isa = PBXBuildFile; fileRef = 847DD07F1F64457600BA35A0 /* AppDelegate.swift */; };
		847DD0821F64457600BA35A0 /* ViewController.swift in Sources */ = {isa = PBXBuildFile; fileRef = 847DD0811F64457600BA35A0 /* ViewController.swift */; };
		847DD0851F64457600BA35A0 /* Main.storyboard in Resources */ = {isa = PBXBuildFile; fileRef = 847DD0831F64457600BA35A0 /* Main.storyboard */; };
		847DD0871F64457600BA35A0 /* Assets.xcassets in Resources */ = {isa = PBXBuildFile; fileRef = 847DD0861F64457600BA35A0 /* Assets.xcassets */; };
		847DD08A1F64457600BA35A0 /* LaunchScreen.storyboard in Resources */ = {isa = PBXBuildFile; fileRef = 847DD0881F64457600BA35A0 /* LaunchScreen.storyboard */; };
		847DD0951F64457800BA35A0 /* pokemonTests.swift in Sources */ = {isa = PBXBuildFile; fileRef = 847DD0941F64457800BA35A0 /* pokemonTests.swift */; };
		847DD0A01F64457900BA35A0 /* pokemonUITests.swift in Sources */ = {isa = PBXBuildFile; fileRef = 847DD09F1F64457900BA35A0 /* pokemonUITests.swift */; };
/* End PBXBuildFile section */

/* Begin PBXContainerItemProxy section */
		847DD0911F64457800BA35A0 /* PBXContainerItemProxy */ = {
			isa = PBXContainerItemProxy;
			containerPortal = 847DD0741F64457500BA35A0 /* Project object */;
			proxyType = 1;
			remoteGlobalIDString = 847DD07B1F64457600BA35A0;
			remoteInfo = pokemon;
		};
		847DD09C1F64457800BA35A0 /* PBXContainerItemProxy */ = {
			isa = PBXContainerItemProxy;
			containerPortal = 847DD0741F64457500BA35A0 /* Project object */;
			proxyType = 1;
			remoteGlobalIDString = 847DD07B1F64457600BA35A0;
			remoteInfo = pokemon;
		};
/* End PBXContainerItemProxy section */

/* Begin PBXFileReference section */
		847DD07C1F64457600BA35A0 /* pokemon.app */ = {isa = PBXFileReference; explicitFileType = wrapper.application; includeInIndex = 0; path = pokemon.app; sourceTree = BUILT_PRODUCTS_DIR; };
		847DD07F1F64457600BA35A0 /* AppDelegate.swift */ = {isa = PBXFileReference; lastKnownFileType = sourcecode.swift; path = AppDelegate.swift; sourceTree = "<group>"; };
		847DD0811F64457600BA35A0 /* ViewController.swift */ = {isa = PBXFileReference; lastKnownFileType = sourcecode.swift; path = ViewController.swift; sourceTree = "<group>"; };
		847DD0841F64457600BA35A0 /* Base */ = {isa = PBXFileReference; lastKnownFileType = file.storyboard; name = Base; path = Base.lproj/Main.storyboard; sourceTree = "<group>"; };
		847DD0861F64457600BA35A0 /* Assets.xcassets */ = {isa = PBXFileReference; lastKnownFileType = folder.assetcatalog; path = Assets.xcassets; sourceTree = "<group>"; };
		847DD0891F64457600BA35A0 /* Base */ = {isa = PBXFileReference; lastKnownFileType = file.storyboard; name = Base; path = Base.lproj/LaunchScreen.storyboard; sourceTree = "<group>"; };
		847DD08B1F64457600BA35A0 /* Info.plist */ = {isa = PBXFileReference; lastKnownFileType = text.plist.xml; path = Info.plist; sourceTree = "<group>"; };
		847DD0901F64457800BA35A0 /* pokemonTests.xctest */ = {isa = PBXFileReference; explicitFileType = wrapper.cfbundle; includeInIndex = 0; path = pokemonTests.xctest; sourceTree = BUILT_PRODUCTS_DIR; };
		847DD0941F64457800BA35A0 /* pokemonTests.swift */ = {isa = PBXFileReference; lastKnownFileType = sourcecode.swift; path = pokemonTests.swift; sourceTree = "<group>"; };
		847DD0961F64457800BA35A0 /* Info.plist */ = {isa = PBXFileReference; lastKnownFileType = text.plist.xml; path = Info.plist; sourceTree = "<group>"; };
		847DD09B1F64457800BA35A0 /* pokemonUITests.xctest */ = {isa = PBXFileReference; explicitFileType = wrapper.cfbundle; includeInIndex = 0; path = pokemonUITests.xctest; sourceTree = BUILT_PRODUCTS_DIR; };
		847DD09F1F64457900BA35A0 /* pokemonUITests.swift */ = {isa = PBXFileReference; lastKnownFileType = sourcecode.swift; path = pokemonUITests.swift; sourceTree = "<group>"; };
		847DD0A11F64457900BA35A0 /* Info.plist */ = {isa = PBXFileReference; lastKnownFileType = text.plist.xml; path = Info.plist; sourceTree = "<group>"; };
/* End PBXFileReference section */

/* Begin PBXFrameworksBuildPhase section */
		847DD0791F64457600BA35A0 /* Frameworks */ = {
			isa = PBXFrameworksBuildPhase;
			buildActionMask = 2147483647;
			files = (
			);
			runOnlyForDeploymentPostprocessing = 0;
		};
		847DD08D1F64457800BA35A0 /* Frameworks */ = {
			isa = PBXFrameworksBuildPhase;
			buildActionMask = 2147483647;
			files = (
			);
			runOnlyForDeploymentPostprocessing = 0;
		};
		847DD0981F64457800BA35A0 /* Frameworks */ = {
			isa = PBXFrameworksBuildPhase;
			buildActionMask = 2147483647;
			files = (
			);
			runOnlyForDeploymentPostprocessing = 0;
		};
/* End PBXFrameworksBuildPhase section */

/* Begin PBXGroup section */
		847DD0731F64457500BA35A0 = {
			isa = PBXGroup;
			children = (
				847DD07E1F64457600BA35A0 /* pokemon */,
				847DD0931F64457800BA35A0 /* pokemonTests */,
				847DD09E1F64457800BA35A0 /* pokemonUITests */,
				847DD07D1F64457600BA35A0 /* Products */,
			);
			sourceTree = "<group>";
		};
		847DD07D1F64457600BA35A0 /* Products */ = {
			isa = PBXGroup;
			children = (
				847DD07C1F64457600BA35A0 /* pokemon.app */,
				847DD0901F64457800BA35A0 /* pokemonTests.xctest */,
				847DD09B1F64457800BA35A0 /* pokemonUITests.xctest */,
			);
			name = Products;
			sourceTree = "<group>";
		};
		847DD07E1F64457600BA35A0 /* pokemon */ = {
			isa = PBXGroup;
			children = (
				847DD07F1F64457600BA35A0 /* AppDelegate.swift */,
				847DD0811F64457600BA35A0 /* ViewController.swift */,
				847DD0831F64457600BA35A0 /* Main.storyboard */,
				847DD0861F64457600BA35A0 /* Assets.xcassets */,
				847DD0881F64457600BA35A0 /* LaunchScreen.storyboard */,
				847DD08B1F64457600BA35A0 /* Info.plist */,
			);
			path = pokemon;
			sourceTree = "<group>";
		};
		847DD0931F64457800BA35A0 /* pokemonTests */ = {
			isa = PBXGroup;
			children = (
				847DD0941F64457800BA35A0 /* pokemonTests.swift */,
				847DD0961F64457800BA35A0 /* Info.plist */,
			);
			path = pokemonTests;
			sourceTree = "<group>";
		};
		847DD09E1F64457800BA35A0 /* pokemonUITests */ = {
			isa = PBXGroup;
			children = (
				847DD09F1F64457900BA35A0 /* pokemonUITests.swift */,
				847DD0A11F64457900BA35A0 /* Info.plist */,
			);
			path = pokemonUITests;
			sourceTree = "<group>";
		};
/* End PBXGroup section */

/* Begin PBXNativeTarget section */
		847DD07B1F64457600BA35A0 /* pokemon */ = {
			isa = PBXNativeTarget;
			buildConfigurationList = 847DD0A41F64457900BA35A0 /* Build configuration list for PBXNativeTarget "pokemon" */;
			buildPhases = (
				847DD0781F64457600BA35A0 /* Sources */,
				847DD0791F64457600BA35A0 /* Frameworks */,
				847DD07A1F64457600BA35A0 /* Resources */,
			);
			buildRules = (
			);
			dependencies = (
			);
			name = pokemon;
			productName = pokemon;
			productReference = 847DD07C1F64457600BA35A0 /* pokemon.app */;
			productType = "com.apple.product-type.application";
		};
		847DD08F1F64457800BA35A0 /* pokemonTests */ = {
			isa = PBXNativeTarget;
			buildConfigurationList = 847DD0A71F64457900BA35A0 /* Build configuration list for PBXNativeTarget "pokemonTests" */;
			buildPhases = (
				847DD08C1F64457800BA35A0 /* Sources */,
				847DD08D1F64457800BA35A0 /* Frameworks */,
				847DD08E1F64457800BA35A0 /* Resources */,
			);
			buildRules = (
			);
			dependencies = (
				847DD0921F64457800BA35A0 /* PBXTargetDependency */,
			);
			name = pokemonTests;
			productName = pokemonTests;
			productReference = 847DD0901F64457800BA35A0 /* pokemonTests.xctest */;
			productType = "com.apple.product-type.bundle.unit-test";
		};
		847DD09A1F64457800BA35A0 /* pokemonUITests */ = {
			isa = PBXNativeTarget;
			buildConfigurationList = 847DD0AA1F64457900BA35A0 /* Build configuration list for PBXNativeTarget "pokemonUITests" */;
			buildPhases = (
				847DD0971F64457800BA35A0 /* Sources */,
				847DD0981F64457800BA35A0 /* Frameworks */,
				847DD0991F64457800BA35A0 /* Resources */,
			);
			buildRules = (
			);
			dependencies = (
				847DD09D1F64457800BA35A0 /* PBXTargetDependency */,
			);
			name = pokemonUITests;
			productName = pokemonUITests;
			productReference = 847DD09B1F64457800BA35A0 /* pokemonUITests.xctest */;
			productType = "com.apple.product-type.bundle.ui-testing";
		};
/* End PBXNativeTarget section */

/* Begin PBXProject section */
		847DD0741F64457500BA35A0 /* Project object */ = {
			isa = PBXProject;
			attributes = {
				LastSwiftUpdateCheck = 0830;
				LastUpgradeCheck = 0830;
				ORGANIZATIONNAME = arsalan;
				TargetAttributes = {
					847DD07B1F64457600BA35A0 = {
						CreatedOnToolsVersion = 8.3.3;
						ProvisioningStyle = Automatic;
					};
					847DD08F1F64457800BA35A0 = {
						CreatedOnToolsVersion = 8.3.3;
						ProvisioningStyle = Automatic;
						TestTargetID = 847DD07B1F64457600BA35A0;
					};
					847DD09A1F64457800BA35A0 = {
						CreatedOnToolsVersion = 8.3.3;
						ProvisioningStyle = Automatic;
						TestTargetID = 847DD07B1F64457600BA35A0;
					};
				};
			};
			buildConfigurationList = 847DD0771F64457500BA35A0 /* Build configuration list for PBXProject "pokemon" */;
			compatibilityVersion = "Xcode 3.2";
			developmentRegion = English;
			hasScannedForEncodings = 0;
			knownRegions = (
				en,
				Base,
			);
			mainGroup = 847DD0731F64457500BA35A0;
			productRefGroup = 847DD07D1F64457600BA35A0 /* Products */;
			projectDirPath = "";
			projectRoot = "";
			targets = (
				847DD07B1F64457600BA35A0 /* pokemon */,
				847DD08F1F64457800BA35A0 /* pokemonTests */,
				847DD09A1F64457800BA35A0 /* pokemonUITests */,
			);
		};
/* End PBXProject section */

/* Begin PBXResourcesBuildPhase section */
		847DD07A1F64457600BA35A0 /* Resources */ = {
			isa = PBXResourcesBuildPhase;
			buildActionMask = 2147483647;
			files = (
				847DD08A1F64457600BA35A0 /* LaunchScreen.storyboard in Resources */,
				847DD0871F64457600BA35A0 /* Assets.xcassets in Resources */,
				847DD0851F64457600BA35A0 /* Main.storyboard in Resources */,
			);
			runOnlyForDeploymentPostprocessing = 0;
		};
		847DD08E1F64457800BA35A0 /* Resources */ = {
			isa = PBXResourcesBuildPhase;
			buildActionMask = 2147483647;
			files = (
			);
			runOnlyForDeploymentPostprocessing = 0;
		};
		847DD0991F64457800BA35A0 /* Resources */ = {
			isa = PBXResourcesBuildPhase;
			buildActionMask = 2147483647;
			files = (
			);
			runOnlyForDeploymentPostprocessing = 0;
		};
/* End PBXResourcesBuildPhase section */

/* Begin PBXSourcesBuildPhase section */
		847DD0781F64457600BA35A0 /* Sources */ = {
			isa = PBXSourcesBuildPhase;
			buildActionMask = 2147483647;
			files = (
				847DD0821F64457600BA35A0 /* ViewController.swift in Sources */,
				847DD0801F64457600BA35A0 /* AppDelegate.swift in Sources */,
			);
			runOnlyForDeploymentPostprocessing = 0;
		};
		847DD08C1F64457800BA35A0 /* Sources */ = {
			isa = PBXSourcesBuildPhase;
			buildActionMask = 2147483647;
			files = (
				847DD0951F64457800BA35A0 /* pokemonTests.swift in Sources */,
			);
			runOnlyForDeploymentPostprocessing = 0;
		};
		847DD0971F64457800BA35A0 /* Sources */ = {
			isa = PBXSourcesBuildPhase;
			buildActionMask = 2147483647;
			files = (
				847DD0A01F64457900BA35A0 /* pokemonUITests.swift in Sources */,
			);
			runOnlyForDeploymentPostprocessing = 0;
		};
/* End PBXSourcesBuildPhase section */

/* Begin PBXTargetDependency section */
		847DD0921F64457800BA35A0 /* PBXTargetDependency */ = {
			isa = PBXTargetDependency;
			target = 847DD07B1F64457600BA35A0 /* pokemon */;
			targetProxy = 847DD0911F64457800BA35A0 /* PBXContainerItemProxy */;
		};
		847DD09D1F64457800BA35A0 /* PBXTargetDependency */ = {
			isa = PBXTargetDependency;
			target = 847DD07B1F64457600BA35A0 /* pokemon */;
			targetProxy = 847DD09C1F64457800BA35A0 /* PBXContainerItemProxy */;
		};
/* End PBXTargetDependency section */

/* Begin PBXVariantGroup section */
		847DD0831F64457600BA35A0 /* Main.storyboard */ = {
			isa = PBXVariantGroup;
			children = (
				847DD0841F64457600BA35A0 /* Base */,
			);
			name = Main.storyboard;
			sourceTree = "<group>";
		};
		847DD0881F64457600BA35A0 /* LaunchScreen.storyboard */ = {
			isa = PBXVariantGroup;
			children = (
				847DD0891F64457600BA35A0 /* Base */,
			);
			name = LaunchScreen.storyboard;
			sourceTree = "<group>";
		};
/* End PBXVariantGroup section */

/* Begin XCBuildConfiguration section */
		847DD0A21F64457900BA35A0 /* Debug */ = {
			isa = XCBuildConfiguration;
			buildSettings = {
				ALWAYS_SEARCH_USER_PATHS = NO;
				CLANG_ANALYZER_NONNULL = YES;
				CLANG_ANALYZER_NUMBER_OBJECT_CONVERSION = YES_AGGRESSIVE;
				CLANG_CXX_LANGUAGE_STANDARD = "gnu++0x";
				CLANG_CXX_LIBRARY = "libc++";
				CLANG_ENABLE_MODULES = YES;
				CLANG_ENABLE_OBJC_ARC = YES;
				CLANG_WARN_BOOL_CONVERSION = YES;
				CLANG_WARN_CONSTANT_CONVERSION = YES;
				CLANG_WARN_DIRECT_OBJC_ISA_USAGE = YES_ERROR;
				CLANG_WARN_DOCUMENTATION_COMMENTS = YES;
				CLANG_WARN_EMPTY_BODY = YES;
				CLANG_WARN_ENUM_CONVERSION = YES;
				CLANG_WARN_INFINITE_RECURSION = YES;
				CLANG_WARN_INT_CONVERSION = YES;
				CLANG_WARN_OBJC_ROOT_CLASS = YES_ERROR;
				CLANG_WARN_SUSPICIOUS_MOVE = YES;
				CLANG_WARN_UNREACHABLE_CODE = YES;
				CLANG_WARN__DUPLICATE_METHOD_MATCH = YES;
				"CODE_SIGN_IDENTITY[sdk=iphoneos*]" = "iPhone Developer";
				COPY_PHASE_STRIP = NO;
				DEBUG_INFORMATION_FORMAT = dwarf;
				ENABLE_STRICT_OBJC_MSGSEND = YES;
				ENABLE_TESTABILITY = YES;
				GCC_C_LANGUAGE_STANDARD = gnu99;
				GCC_DYNAMIC_NO_PIC = NO;
				GCC_NO_COMMON_BLOCKS = YES;
				GCC_OPTIMIZATION_LEVEL = 0;
				GCC_PREPROCESSOR_DEFINITIONS = (
					"DEBUG=1",
					"$(inherited)",
				);
				GCC_WARN_64_TO_32_BIT_CONVERSION = YES;
				GCC_WARN_ABOUT_RETURN_TYPE = YES_ERROR;
				GCC_WARN_UNDECLARED_SELECTOR = YES;
				GCC_WARN_UNINITIALIZED_AUTOS = YES_AGGRESSIVE;
				GCC_WARN_UNUSED_FUNCTION = YES;
				GCC_WARN_UNUSED_VARIABLE = YES;
				IPHONEOS_DEPLOYMENT_TARGET = 10.3;
				MTL_ENABLE_DEBUG_INFO = YES;
				ONLY_ACTIVE_ARCH = YES;
				SDKROOT = iphoneos;
				SWIFT_ACTIVE_COMPILATION_CONDITIONS = DEBUG;
				SWIFT_OPTIMIZATION_LEVEL = "-Onone";
				TARGETED_DEVICE_FAMILY = "1,2";
			};
			name = Debug;
		};
		847DD0A31F64457900BA35A0 /* Release */ = {
			isa = XCBuildConfiguration;
			buildSettings = {
				ALWAYS_SEARCH_USER_PATHS = NO;
				CLANG_ANALYZER_NONNULL = YES;
				CLANG_ANALYZER_NUMBER_OBJECT_CONVERSION = YES_AGGRESSIVE;
				CLANG_CXX_LANGUAGE_STANDARD = "gnu++0x";
				CLANG_CXX_LIBRARY = "libc++";
				CLANG_ENABLE_MODULES = YES;
				CLANG_ENABLE_OBJC_ARC = YES;
				CLANG_WARN_BOOL_CONVERSION = YES;
				CLANG_WARN_CONSTANT_CONVERSION = YES;
				CLANG_WARN_DIRECT_OBJC_ISA_USAGE = YES_ERROR;
				CLANG_WARN_DOCUMENTATION_COMMENTS = YES;
				CLANG_WARN_EMPTY_BODY = YES;
				CLANG_WARN_ENUM_CONVERSION = YES;
				CLANG_WARN_INFINITE_RECURSION = YES;
				CLANG_WARN_INT_CONVERSION = YES;
				CLANG_WARN_OBJC_ROOT_CLASS = YES_ERROR;
				CLANG_WARN_SUSPICIOUS_MOVE = YES;
				CLANG_WARN_UNREACHABLE_CODE = YES;
				CLANG_WARN__DUPLICATE_METHOD_MATCH = YES;
				"CODE_SIGN_IDENTITY[sdk=iphoneos*]" = "iPhone Developer";
				COPY_PHASE_STRIP = NO;
				DEBUG_INFORMATION_FORMAT = "dwarf-with-dsym";
				ENABLE_NS_ASSERTIONS = NO;
				ENABLE_STRICT_OBJC_MSGSEND = YES;
				GCC_C_LANGUAGE_STANDARD = gnu99;
				GCC_NO_COMMON_BLOCKS = YES;
				GCC_WARN_64_TO_32_BIT_CONVERSION = YES;
				GCC_WARN_ABOUT_RETURN_TYPE = YES_ERROR;
				GCC_WARN_UNDECLARED_SELECTOR = YES;
				GCC_WARN_UNINITIALIZED_AUTOS = YES_AGGRESSIVE;
				GCC_WARN_UNUSED_FUNCTION = YES;
				GCC_WARN_UNUSED_VARIABLE = YES;
				IPHONEOS_DEPLOYMENT_TARGET = 10.3;
				MTL_ENABLE_DEBUG_INFO = NO;
				SDKROOT = iphoneos;
				SWIFT_OPTIMIZATION_LEVEL = "-Owholemodule";
				TARGETED_DEVICE_FAMILY = "1,2";
				VALIDATE_PRODUCT = YES;
			};
			name = Release;
		};
		847DD0A51F64457900BA35A0 /* Debug */ = {
			isa = XCBuildConfiguration;
			buildSettings = {
				ASSETCATALOG_COMPILER_APPICON_NAME = AppIcon;
				INFOPLIST_FILE = pokemon/Info.plist;
				LD_RUNPATH_SEARCH_PATHS = "$(inherited) @executable_path/Frameworks";
				PRODUCT_BUNDLE_IDENTIFIER = com.arsalan.pokemon;
				PRODUCT_NAME = "$(TARGET_NAME)";
				SWIFT_VERSION = 3.0;
			};
			name = Debug;
		};
		847DD0A61F64457900BA35A0 /* Release */ = {
			isa = XCBuildConfiguration;
			buildSettings = {
				ASSETCATALOG_COMPILER_APPICON_NAME = AppIcon;
				INFOPLIST_FILE = pokemon/Info.plist;
				LD_RUNPATH_SEARCH_PATHS = "$(inherited) @executable_path/Frameworks";
				PRODUCT_BUNDLE_IDENTIFIER = com.arsalan.pokemon;
				PRODUCT_NAME = "$(TARGET_NAME)";
				SWIFT_VERSION = 3.0;
			};
			name = Release;
		};
		847DD0A81F64457900BA35A0 /* Debug */ = {
			isa = XCBuildConfiguration;
			buildSettings = {
				ALWAYS_EMBED_SWIFT_STANDARD_LIBRARIES = YES;
				BUNDLE_LOADER = "$(TEST_HOST)";
				INFOPLIST_FILE = pokemonTests/Info.plist;
				LD_RUNPATH_SEARCH_PATHS = "$(inherited) @executable_path/Frameworks @loader_path/Frameworks";
				PRODUCT_BUNDLE_IDENTIFIER = com.arsalan.pokemonTests;
				PRODUCT_NAME = "$(TARGET_NAME)";
				SWIFT_VERSION = 3.0;
				TEST_HOST = "$(BUILT_PRODUCTS_DIR)/pokemon.app/pokemon";
			};
			name = Debug;
		};
		847DD0A91F64457900BA35A0 /* Release */ = {
			isa = XCBuildConfiguration;
			buildSettings = {
				ALWAYS_EMBED_SWIFT_STANDARD_LIBRARIES = YES;
				BUNDLE_LOADER = "$(TEST_HOST)";
				INFOPLIST_FILE = pokemonTests/Info.plist;
				LD_RUNPATH_SEARCH_PATHS = "$(inherited) @executable_path/Frameworks @loader_path/Frameworks";
				PRODUCT_BUNDLE_IDENTIFIER = com.arsalan.pokemonTests;
				PRODUCT_NAME = "$(TARGET_NAME)";
				SWIFT_VERSION = 3.0;
				TEST_HOST = "$(BUILT_PRODUCTS_DIR)/pokemon.app/pokemon";
			};
			name = Release;
		};
		847DD0AB1F64457900BA35A0 /* Debug */ = {
			isa = XCBuildConfiguration;
			buildSettings = {
				ALWAYS_EMBED_SWIFT_STANDARD_LIBRARIES = YES;
				INFOPLIST_FILE = pokemonUITests/Info.plist;
				LD_RUNPATH_SEARCH_PATHS = "$(inherited) @executable_path/Frameworks @loader_path/Frameworks";
				PRODUCT_BUNDLE_IDENTIFIER = com.arsalan.pokemonUITests;
				PRODUCT_NAME = "$(TARGET_NAME)";
				SWIFT_VERSION = 3.0;
				TEST_TARGET_NAME = pokemon;
			};
			name = Debug;
		};
		847DD0AC1F64457900BA35A0 /* Release */ = {
			isa = XCBuildConfiguration;
			buildSettings = {
				ALWAYS_EMBED_SWIFT_STANDARD_LIBRARIES = YES;
				INFOPLIST_FILE = pokemonUITests/Info.plist;
				LD_RUNPATH_SEARCH_PATHS = "$(inherited) @executable_path/Frameworks @loader_path/Frameworks";
				PRODUCT_BUNDLE_IDENTIFIER = com.arsalan.pokemonUITests;
				PRODUCT_NAME = "$(TARGET_NAME)";
				SWIFT_VERSION = 3.0;
				TEST_TARGET_NAME = pokemon;
			};
			name = Release;
		};
/* End XCBuildConfiguration section */

/* Begin XCConfigurationList section */
		847DD0771F64457500BA35A0 /* Build configuration list for PBXProject "pokemon" */ = {
			isa = XCConfigurationList;
			buildConfigurations = (
				847DD0A21F64457900BA35A0 /* Debug */,
				847DD0A31F64457900BA35A0 /* Release */,
			);
			defaultConfigurationIsVisible = 0;
			defaultConfigurationName = Release;
		};
		847DD0A41F64457900BA35A0 /* Build configuration list for PBXNativeTarget "pokemon" */ = {
			isa = XCConfigurationList;
			buildConfigurations = (
				847DD0A51F64457900BA35A0 /* Debug */,
				847DD0A61F64457900BA35A0 /* Release */,
			);
			defaultConfigurationIsVisible = 0;
		};
		847DD0A71F64457900BA35A0 /* Build configuration list for PBXNativeTarget "pokemonTests" */ = {
			isa = XCConfigurationList;
			buildConfigurations = (
				847DD0A81F64457900BA35A0 /* Debug */,
				847DD0A91F64457900BA35A0 /* Release */,
			);
			defaultConfigurationIsVisible = 0;
		};
		847DD0AA1F64457900BA35A0 /* Build configuration list for PBXNativeTarget "pokemonUITests" */ = {
			isa = XCConfigurationList;
			buildConfigurations = (
				847DD0AB1F64457900BA35A0 /* Debug */,
				847DD0AC1F64457900BA35A0 /* Release */,
			);
			defaultConfigurationIsVisible = 0;
		};
/* End XCConfigurationList section */
	};
	rootObject = 847DD0741F64457500BA35A0 /* Project object */;
}
